
Microsoft Visual Studio Solution File, Format Version 12.00
# Visual Studio 15
VisualStudioVersion = 15.0.28307.168
MinimumVisualStudioVersion = 10.0.40219.1
Project("{9A19103F-16F7-4668-BE54-9A1E7A4F7556}") = "ZPersianDateTime", "PersianDateTime\ZPersianDateTime.csproj", "{3E546411-A1A8-4F0A-8437-EA63DC054F97}"
EndProject
Project("{FAE04EC0-301F-11D3-BF4B-00C04F79EFBC}") = "ZPersianDateTime.Test", "ZPersianDateTime.Test\ZPersianDateTime.Test.csproj", "{CD03CBA4-6026-453F-AAA0-695C11DDB768}"
EndProject
Global
	GlobalSection(SolutionConfigurationPlatforms) = preSolution
		Debug|Any CPU = Debug|Any CPU
		Release|Any CPU = Release|Any CPU
	EndGlobalSection
	GlobalSection(ProjectConfigurationPlatforms) = postSolution
		{3E546411-A1A8-4F0A-8437-EA63DC054F97}.Debug|Any CPU.ActiveCfg = Debug|Any CPU
		{3E546411-A1A8-4F0A-8437-EA63DC054F97}.Debug|Any CPU.Build.0 = Debug|Any CPU
		{3E546411-A1A8-4F0A-8437-EA63DC054F97}.Release|Any CPU.ActiveCfg = Release|Any CPU
		{3E546411-A1A8-4F0A-8437-EA63DC054F97}.Release|Any CPU.Build.0 = Release|Any CPU
		{CD03CBA4-6026-453F-AAA0-695C11DDB768}.Debug|Any CPU.ActiveCfg = Debug|Any CPU
		{CD03CBA4-6026-453F-AAA0-695C11DDB768}.Debug|Any CPU.Build.0 = Debug|Any CPU
		{CD03CBA4-6026-453F-AAA0-695C11DDB768}.Release|Any CPU.ActiveCfg = Release|Any CPU
		{CD03CBA4-6026-453F-AAA0-695C11DDB768}.Release|Any CPU.Build.0 = Release|Any CPU
	EndGlobalSection
	GlobalSection(SolutionProperties) = preSolution
		HideSolutionNode = FALSE
	EndGlobalSection
	GlobalSection(ExtensibilityGlobals) = postSolution
		SolutionGuid = {4F19D5E2-1E66-477A-938E-89D13F5D2584}
	EndGlobalSection
EndGlobal
